
Microsoft Visual Studio Solution File, Format Version 12.00
# Visual Studio Version 18
VisualStudioVersion = 18.4.11612.150 stable
MinimumVisualStudioVersion = 10.0.40219.1
Project("{FAE04EC0-301F-11D3-BF4B-00C04F79EFBC}") = "BusninessLogic", "BusninessLogic\BusninessLogic.csproj", "{EB69A119-F251-450D-B722-ADF5356806FC}"
EndProject
Project("{FAE04EC0-301F-11D3-BF4B-00C04F79EFBC}") = "DataAcces", "DataAccess\DataAcces.csproj", "{79CDD34B-4443-44E1-81D9-D9C7CE9D2384}"
EndProject
Project("{FAE04EC0-301F-11D3-BF4B-00C04F79EFBC}") = "DTO", "DTO\DTO.csproj", "{DAA753F5-3E07-4C38-A05B-97C09A4E6230}"
EndProject
Project("{FAE04EC0-301F-11D3-BF4B-00C04F79EFBC}") = "Models", "Models\Models.csproj", "{7AE4BC0F-10BC-4A34-B50B-82538D2C19FE}"
EndProject
Project("{FAE04EC0-301F-11D3-BF4B-00C04F79EFBC}") = "LajmiAPI", "LajmiAPI\LajmiAPI.csproj", "{3E0007B1-A255-40B2-BD87-D6BA3E886A16}"
EndProject
Project("{FAE04EC0-301F-11D3-BF4B-00C04F79EFBC}") = "LajmiBlazorWebApp", "LajmiBlazorWebApp\LajmiBlazorWebApp\LajmiBlazorWebApp.csproj", "{EC9CBF9A-7D24-4E11-A71D-1A63C8E05439}"
EndProject
Project("{FAE04EC0-301F-11D3-BF4B-00C04F79EFBC}") = "LajmiBlazorWebApp.Client", "LajmiBlazorWebApp\LajmiBlazorWebApp.Client\LajmiBlazorWebApp.Client.csproj", "{22199E8D-870C-4D29-BB55-7961DCB05A87}"
EndProject
Global
	GlobalSection(SolutionConfigurationPlatforms) = preSolution
		Debug|Any CPU = Debug|Any CPU
		Release|Any CPU = Release|Any CPU
	EndGlobalSection
	GlobalSection(ProjectConfigurationPlatforms) = postSolution
		{EB69A119-F251-450D-B722-ADF5356806FC}.Debug|Any CPU.ActiveCfg = Debug|Any CPU
		{EB69A119-F251-450D-B722-ADF5356806FC}.Debug|Any CPU.Build.0 = Debug|Any CPU
		{EB69A119-F251-450D-B722-ADF5356806FC}.Release|Any CPU.ActiveCfg = Release|Any CPU
		{EB69A119-F251-450D-B722-ADF5356806FC}.Release|Any CPU.Build.0 = Release|Any CPU
		{79CDD34B-4443-44E1-81D9-D9C7CE9D2384}.Debug|Any CPU.ActiveCfg = Debug|Any CPU
		{79CDD34B-4443-44E1-81D9-D9C7CE9D2384}.Debug|Any CPU.Build.0 = Debug|Any CPU
		{79CDD34B-4443-44E1-81D9-D9C7CE9D2384}.Release|Any CPU.ActiveCfg = Release|Any CPU
		{79CDD34B-4443-44E1-81D9-D9C7CE9D2384}.Release|Any CPU.Build.0 = Release|Any CPU
		{DAA753F5-3E07-4C38-A05B-97C09A4E6230}.Debug|Any CPU.ActiveCfg = Debug|Any CPU
		{DAA753F5-3E07-4C38-A05B-97C09A4E6230}.Debug|Any CPU.Build.0 = Debug|Any CPU
		{DAA753F5-3E07-4C38-A05B-97C09A4E6230}.Release|Any CPU.ActiveCfg = Release|Any CPU
		{DAA753F5-3E07-4C38-A05B-97C09A4E6230}.Release|Any CPU.Build.0 = Release|Any CPU
		{7AE4BC0F-10BC-4A34-B50B-82538D2C19FE}.Debug|Any CPU.ActiveCfg = Debug|Any CPU
		{7AE4BC0F-10BC-4A34-B50B-82538D2C19FE}.Debug|Any CPU.Build.0 = Debug|Any CPU
		{7AE4BC0F-10BC-4A34-B50B-82538D2C19FE}.Release|Any CPU.ActiveCfg = Release|Any CPU
		{7AE4BC0F-10BC-4A34-B50B-82538D2C19FE}.Release|Any CPU.Build.0 = Release|Any CPU
		{3E0007B1-A255-40B2-BD87-D6BA3E886A16}.Debug|Any CPU.ActiveCfg = Debug|Any CPU
		{3E0007B1-A255-40B2-BD87-D6BA3E886A16}.Debug|Any CPU.Build.0 = Debug|Any CPU
		{3E0007B1-A255-40B2-BD87-D6BA3E886A16}.Release|Any CPU.ActiveCfg = Release|Any CPU
		{3E0007B1-A255-40B2-BD87-D6BA3E886A16}.Release|Any CPU.Build.0 = Release|Any CPU
		{EC9CBF9A-7D24-4E11-A71D-1A63C8E05439}.Debug|Any CPU.ActiveCfg = Debug|Any CPU
		{EC9CBF9A-7D24-4E11-A71D-1A63C8E05439}.Debug|Any CPU.Build.0 = Debug|Any CPU
		{EC9CBF9A-7D24-4E11-A71D-1A63C8E05439}.Release|Any CPU.ActiveCfg = Release|Any CPU
		{EC9CBF9A-7D24-4E11-A71D-1A63C8E05439}.Release|Any CPU.Build.0 = Release|Any CPU
		{22199E8D-870C-4D29-BB55-7961DCB05A87}.Debug|Any CPU.ActiveCfg = Debug|Any CPU
		{22199E8D-870C-4D29-BB55-7961DCB05A87}.Debug|Any CPU.Build.0 = Debug|Any CPU
		{22199E8D-870C-4D29-BB55-7961DCB05A87}.Release|Any CPU.ActiveCfg = Release|Any CPU
		{22199E8D-870C-4D29-BB55-7961DCB05A87}.Release|Any CPU.Build.0 = Release|Any CPU
	EndGlobalSection
	GlobalSection(SolutionProperties) = preSolution
		HideSolutionNode = FALSE
	EndGlobalSection
EndGlobal
